{
  "name": "ssn-example-load-data",
  "version": "1.0.0",
  "lockfileVersion": 1,
  "requires": true,
  "dependencies": {
    "@zeit/fetch-retry": {
      "version": "5.0.0",
      "resolved": "https://registry.npmjs.org/@zeit/fetch-retry/-/fetch-retry-5.0.0.tgz",
      "integrity": "sha512-48tgGYYNX4AGyR8LZa5nMGdr3j4VXYxAA7BX6RWSKIWZkdh1bbkUB6M9ZLfmxsED0CEGpJmP7svN8qnolwZ45w==",
      "requires": {
        "async-retry": "^1.3.1",
        "debug": "^3.1.0"
      }
    },
    "async-retry": {
      "version": "1.3.1",
      "resolved": "https://registry.npmjs.org/async-retry/-/async-retry-1.3.1.tgz",
      "integrity": "sha512-aiieFW/7h3hY0Bq5d+ktDBejxuwR78vRu9hDUdR8rNhSaQ29VzPL4AoIRG7D/c7tdenwOcKvgPM6tIxB3cB6HA==",
      "requires": {
        "retry": "0.12.0"
      }
    },
    "debug": {
      "version": "3.2.6",
      "resolved": "https://registry.npmjs.org/debug/-/debug-3.2.6.tgz",
      "integrity": "sha512-mel+jf7nrtEl5Pn1Qx46zARXKDpBbvzezse7p7LqINmdoIk8PYP5SySaxEmYv6TZ0JyEKA1hsCId6DIhgITtWQ==",
      "requires": {
        "ms": "^2.1.1"
      }
    },
    "ms": {
      "version": "2.1.2",
      "resolved": "https://registry.npmjs.org/ms/-/ms-2.1.2.tgz",
      "integrity": "sha512-sGkPx+VjMtmA6MX27oA4FBFELFCZZ4S4XqeGOXCv68tT+jb3vk/RyaKWP0PTKyWtmLSM0b+adUTEvbs1PEaH2w=="
    },
    "n3": {
      "version": "1.3.6",
      "resolved": "https://registry.npmjs.org/n3/-/n3-1.3.6.tgz",
      "integrity": "sha512-EPaniuSPI+f66F8MP3GPXI3CA4cgSaA688PGUEs1Q5qyeAf/yIhe/8WbDV5+Hnmn8/ewcP7qYY6vfVnjbL5jcg=="
    },
    "node-fetch": {
      "version": "2.6.0",
      "resolved": "https://registry.npmjs.org/node-fetch/-/node-fetch-2.6.0.tgz",
      "integrity": "sha512-8dG4H5ujfvFiqDmVu9fQ5bOHUC15JMjMY/Zumv26oOvvVJjM67KF8koCWIabKQ1GJIa9r2mMZscBq/TbdOcmNA=="
    },
    "retry": {
      "version": "0.12.0",
      "resolved": "https://registry.npmjs.org/retry/-/retry-0.12.0.tgz",
      "integrity": "sha1-G0KmJmoh8HQh0bC1S33BZ7AcATs="
    }
  }
}
